
Microsoft Visual Studio Solution File, Format Version 12.00
# Visual Studio Version 17
VisualStudioVersion = 17.14.36414.22 d17.14
MinimumVisualStudioVersion = 10.0.40219.1
Project("{FAE04EC0-301F-11D3-BF4B-00C04F79EFBC}") = "formularz", "formularz\formularz.csproj", "{2057E32B-DE24-4E66-B33D-DD9AE7D74F0D}"
EndProject
Global
	GlobalSection(SolutionConfigurationPlatforms) = preSolution
		Debug|Any CPU = Debug|Any CPU
		Release|Any CPU = Release|Any CPU
	EndGlobalSection
	GlobalSection(ProjectConfigurationPlatforms) = postSolution
		{2057E32B-DE24-4E66-B33D-DD9AE7D74F0D}.Debug|Any CPU.ActiveCfg = Debug|Any CPU
		{2057E32B-DE24-4E66-B33D-DD9AE7D74F0D}.Debug|Any CPU.Build.0 = Debug|Any CPU
		{2057E32B-DE24-4E66-B33D-DD9AE7D74F0D}.Release|Any CPU.ActiveCfg = Release|Any CPU
		{2057E32B-DE24-4E66-B33D-DD9AE7D74F0D}.Release|Any CPU.Build.0 = Release|Any CPU
	EndGlobalSection
	GlobalSection(SolutionProperties) = preSolution
		HideSolutionNode = FALSE
	EndGlobalSection
	GlobalSection(ExtensibilityGlobals) = postSolution
		SolutionGuid = {A15CE86C-D1A4-4D3C-A3B6-7D2C826C2457}
	EndGlobalSection
EndGlobal
